// !$*UTF8*$!
{
	archiveVersion = 1;
	classes = {
	};
	objectVersion = 50;
	objects = {

/* Begin PBXBuildFile section */
		43740B41210980140070D3DD /* main.m in Sources */ = {isa = PBXBuildFile; fileRef = 43740B40210980140070D3DD /* main.m */; };
		43740B492109FA420070D3DD /* FindPath.m in Sources */ = {isa = PBXBuildFile; fileRef = 43740B482109FA420070D3DD /* FindPath.m */; };
		43740B4C2109FA770070D3DD /* BTreeNode.m in Sources */ = {isa = PBXBuildFile; fileRef = 43740B4B2109FA770070D3DD /* BTreeNode.m */; };
		43740B4F2109FAFE0070D3DD /* StackForNSObject.m in Sources */ = {isa = PBXBuildFile; fileRef = 43740B4D2109FAFD0070D3DD /* StackForNSObject.m */; };
/* End PBXBuildFile section */

/* Begin PBXCopyFilesBuildPhase section */
		43740B3B210980140070D3DD /* CopyFiles */ = {
			isa = PBXCopyFilesBuildPhase;
			buildActionMask = 2147483647;
			dstPath = /usr/share/man/man1/;
			dstSubfolderSpec = 0;
			files = (
			);
			runOnlyForDeploymentPostprocessing = 1;
		};
/* End PBXCopyFilesBuildPhase section */

/* Begin PBXFileReference section */
		43740B3D210980140070D3DD /* problem25 */ = {isa = PBXFileReference; explicitFileType = "compiled.mach-o.executable"; includeInIndex = 0; path = problem25; sourceTree = BUILT_PRODUCTS_DIR; };
		43740B40210980140070D3DD /* main.m */ = {isa = PBXFileReference; lastKnownFileType = sourcecode.c.objc; path = main.m; sourceTree = "<group>"; };
		43740B472109FA420070D3DD /* FindPath.h */ = {isa = PBXFileReference; lastKnownFileType = sourcecode.c.h; path = FindPath.h; sourceTree = "<group>"; };
		43740B482109FA420070D3DD /* FindPath.m */ = {isa = PBXFileReference; lastKnownFileType = sourcecode.c.objc; path = FindPath.m; sourceTree = "<group>"; };
		43740B4A2109FA770070D3DD /* BTreeNode.h */ = {isa = PBXFileReference; fileEncoding = 4; lastKnownFileType = sourcecode.c.h; name = BTreeNode.h; path = ../../problem6/problem6/BTreeNode.h; sourceTree = "<group>"; };
		43740B4B2109FA770070D3DD /* BTreeNode.m */ = {isa = PBXFileReference; fileEncoding = 4; lastKnownFileType = sourcecode.c.objc; name = BTreeNode.m; path = ../../problem6/problem6/BTreeNode.m; sourceTree = "<group>"; };
		43740B4D2109FAFD0070D3DD /* StackForNSObject.m */ = {isa = PBXFileReference; fileEncoding = 4; lastKnownFileType = sourcecode.c.objc; name = StackForNSObject.m; path = ../../problem21/problem21/StackForNSObject.m; sourceTree = "<group>"; };
		43740B4E2109FAFD0070D3DD /* StackForNSObject.h */ = {isa = PBXFileReference; fileEncoding = 4; lastKnownFileType = sourcecode.c.h; name = StackForNSObject.h; path = ../../problem21/problem21/StackForNSObject.h; sourceTree = "<group>"; };
/* End PBXFileReference section */

/* Begin PBXFrameworksBuildPhase section */
		43740B3A210980140070D3DD /* Frameworks */ = {
			isa = PBXFrameworksBuildPhase;
			buildActionMask = 2147483647;
			files = (
			);
			runOnlyForDeploymentPostprocessing = 0;
		};
/* End PBXFrameworksBuildPhase section */

/* Begin PBXGroup section */
		43740B34210980130070D3DD = {
			isa = PBXGroup;
			children = (
				43740B3F210980140070D3DD /* problem25 */,
				43740B3E210980140070D3DD /* Products */,
			);
			sourceTree = "<group>";
		};
		43740B3E210980140070D3DD /* Products */ = {
			isa = PBXGroup;
			children = (
				43740B3D210980140070D3DD /* problem25 */,
			);
			name = Products;
			sourceTree = "<group>";
		};
		43740B3F210980140070D3DD /* problem25 */ = {
			isa = PBXGroup;
			children = (
				43740B40210980140070D3DD /* main.m */,
				43740B472109FA420070D3DD /* FindPath.h */,
				43740B482109FA420070D3DD /* FindPath.m */,
				43740B4A2109FA770070D3DD /* BTreeNode.h */,
				43740B4E2109FAFD0070D3DD /* StackForNSObject.h */,
				43740B4D2109FAFD0070D3DD /* StackForNSObject.m */,
				43740B4B2109FA770070D3DD /* BTreeNode.m */,
			);
			path = problem25;
			sourceTree = "<group>";
		};
/* End PBXGroup section */

/* Begin PBXNativeTarget section */
		43740B3C210980140070D3DD /* problem25 */ = {
			isa = PBXNativeTarget;
			buildConfigurationList = 43740B44210980140070D3DD /* Build configuration list for PBXNativeTarget "problem25" */;
			buildPhases = (
				43740B39210980140070D3DD /* Sources */,
				43740B3A210980140070D3DD /* Frameworks */,
				43740B3B210980140070D3DD /* CopyFiles */,
			);
			buildRules = (
			);
			dependencies = (
			);
			name = problem25;
			productName = problem25;
			productReference = 43740B3D210980140070D3DD /* problem25 */;
			productType = "com.apple.product-type.tool";
		};
/* End PBXNativeTarget section */

/* Begin PBXProject section */
		43740B35210980130070D3DD /* Project object */ = {
			isa = PBXProject;
			attributes = {
				LastUpgradeCheck = 0930;
				ORGANIZATIONNAME = wangnate;
				TargetAttributes = {
					43740B3C210980140070D3DD = {
						CreatedOnToolsVersion = 9.3;
					};
				};
			};
			buildConfigurationList = 43740B38210980130070D3DD /* Build configuration list for PBXProject "problem25" */;
			compatibilityVersion = "Xcode 9.3";
			developmentRegion = en;
			hasScannedForEncodings = 0;
			knownRegions = (
				en,
			);
			mainGroup = 43740B34210980130070D3DD;
			productRefGroup = 43740B3E210980140070D3DD /* Products */;
			projectDirPath = "";
			projectRoot = "";
			targets = (
				43740B3C210980140070D3DD /* problem25 */,
			);
		};
/* End PBXProject section */

/* Begin PBXSourcesBuildPhase section */
		43740B39210980140070D3DD /* Sources */ = {
			isa = PBXSourcesBuildPhase;
			buildActionMask = 2147483647;
			files = (
				43740B41210980140070D3DD /* main.m in Sources */,
				43740B492109FA420070D3DD /* FindPath.m in Sources */,
				43740B4F2109FAFE0070D3DD /* StackForNSObject.m in Sources */,
				43740B4C2109FA770070D3DD /* BTreeNode.m in Sources */,
			);
			runOnlyForDeploymentPostprocessing = 0;
		};
/* End PBXSourcesBuildPhase section */

/* Begin XCBuildConfiguration section */
		43740B42210980140070D3DD /* Debug */ = {
			isa = XCBuildConfiguration;
			buildSettings = {
				ALWAYS_SEARCH_USER_PATHS = NO;
				CLANG_ANALYZER_NONNULL = YES;
				CLANG_ANALYZER_NUMBER_OBJECT_CONVERSION = YES_AGGRESSIVE;
				CLANG_CXX_LANGUAGE_STANDARD = "gnu++14";
				CLANG_CXX_LIBRARY = "libc++";
				CLANG_ENABLE_MODULES = YES;
				CLANG_ENABLE_OBJC_ARC = YES;
				CLANG_ENABLE_OBJC_WEAK = YES;
				CLANG_WARN_BLOCK_CAPTURE_AUTORELEASING = YES;
				CLANG_WARN_BOOL_CONVERSION = YES;
				CLANG_WARN_COMMA = YES;
				CLANG_WARN_CONSTANT_CONVERSION = YES;
				CLANG_WARN_DEPRECATED_OBJC_IMPLEMENTATIONS = YES;
				CLANG_WARN_DIRECT_OBJC_ISA_USAGE = YES_ERROR;
				CLANG_WARN_DOCUMENTATION_COMMENTS = YES;
				CLANG_WARN_EMPTY_BODY = YES;
				CLANG_WARN_ENUM_CONVERSION = YES;
				CLANG_WARN_INFINITE_RECURSION = YES;
				CLANG_WARN_INT_CONVERSION = YES;
				CLANG_WARN_NON_LITERAL_NULL_CONVERSION = YES;
				CLANG_WARN_OBJC_IMPLICIT_RETAIN_SELF = YES;
				CLANG_WARN_OBJC_LITERAL_CONVERSION = YES;
				CLANG_WARN_OBJC_ROOT_CLASS = YES_ERROR;
				CLANG_WARN_RANGE_LOOP_ANALYSIS = YES;
				CLANG_WARN_STRICT_PROTOTYPES = YES;
				CLANG_WARN_SUSPICIOUS_MOVE = YES;
				CLANG_WARN_UNGUARDED_AVAILABILITY = YES_AGGRESSIVE;
				CLANG_WARN_UNREACHABLE_CODE = YES;
				CLANG_WARN__DUPLICATE_METHOD_MATCH = YES;
				CODE_SIGN_IDENTITY = "-";
				COPY_PHASE_STRIP = NO;
				DEBUG_INFORMATION_FORMAT = dwarf;
				ENABLE_STRICT_OBJC_MSGSEND = YES;
				ENABLE_TESTABILITY = YES;
				GCC_C_LANGUAGE_STANDARD = gnu11;
				GCC_DYNAMIC_NO_PIC = NO;
				GCC_NO_COMMON_BLOCKS = YES;
				GCC_OPTIMIZATION_LEVEL = 0;
				GCC_PREPROCESSOR_DEFINITIONS = (
					"DEBUG=1",
					"$(inherited)",
				);
				GCC_WARN_64_TO_32_BIT_CONVERSION = YES;
				GCC_WARN_ABOUT_RETURN_TYPE = YES_ERROR;
				GCC_WARN_UNDECLARED_SELECTOR = YES;
				GCC_WARN_UNINITIALIZED_AUTOS = YES_AGGRESSIVE;
				GCC_WARN_UNUSED_FUNCTION = YES;
				GCC_WARN_UNUSED_VARIABLE = YES;
				MACOSX_DEPLOYMENT_TARGET = 10.13;
				MTL_ENABLE_DEBUG_INFO = YES;
				ONLY_ACTIVE_ARCH = YES;
				SDKROOT = macosx;
			};
			name = Debug;
		};
		43740B43210980140070D3DD /* Release */ = {
			isa = XCBuildConfiguration;
			buildSettings = {
				ALWAYS_SEARCH_USER_PATHS = NO;
				CLANG_ANALYZER_NONNULL = YES;
				CLANG_ANALYZER_NUMBER_OBJECT_CONVERSION = YES_AGGRESSIVE;
				CLANG_CXX_LANGUAGE_STANDARD = "gnu++14";
				CLANG_CXX_LIBRARY = "libc++";
				CLANG_ENABLE_MODULES = YES;
				CLANG_ENABLE_OBJC_ARC = YES;
				CLANG_ENABLE_OBJC_WEAK = YES;
				CLANG_WARN_BLOCK_CAPTURE_AUTORELEASING = YES;
				CLANG_WARN_BOOL_CONVERSION = YES;
				CLANG_WARN_COMMA = YES;
				CLANG_WARN_CONSTANT_CONVERSION = YES;
				CLANG_WARN_DEPRECATED_OBJC_IMPLEMENTATIONS = YES;
				CLANG_WARN_DIRECT_OBJC_ISA_USAGE = YES_ERROR;
				CLANG_WARN_DOCUMENTATION_COMMENTS = YES;
				CLANG_WARN_EMPTY_BODY = YES;
				CLANG_WARN_ENUM_CONVERSION = YES;
				CLANG_WARN_INFINITE_RECURSION = YES;
				CLANG_WARN_INT_CONVERSION = YES;
				CLANG_WARN_NON_LITERAL_NULL_CONVERSION = YES;
				CLANG_WARN_OBJC_IMPLICIT_RETAIN_SELF = YES;
				CLANG_WARN_OBJC_LITERAL_CONVERSION = YES;
				CLANG_WARN_OBJC_ROOT_CLASS = YES_ERROR;
				CLANG_WARN_RANGE_LOOP_ANALYSIS = YES;
				CLANG_WARN_STRICT_PROTOTYPES = YES;
				CLANG_WARN_SUSPICIOUS_MOVE = YES;
				CLANG_WARN_UNGUARDED_AVAILABILITY = YES_AGGRESSIVE;
				CLANG_WARN_UNREACHABLE_CODE = YES;
				CLANG_WARN__DUPLICATE_METHOD_MATCH = YES;
				CODE_SIGN_IDENTITY = "-";
				COPY_PHASE_STRIP = NO;
				DEBUG_INFORMATION_FORMAT = "dwarf-with-dsym";
				ENABLE_NS_ASSERTIONS = NO;
				ENABLE_STRICT_OBJC_MSGSEND = YES;
				GCC_C_LANGUAGE_STANDARD = gnu11;
				GCC_NO_COMMON_BLOCKS = YES;
				GCC_WARN_64_TO_32_BIT_CONVERSION = YES;
				GCC_WARN_ABOUT_RETURN_TYPE = YES_ERROR;
				GCC_WARN_UNDECLARED_SELECTOR = YES;
				GCC_WARN_UNINITIALIZED_AUTOS = YES_AGGRESSIVE;
				GCC_WARN_UNUSED_FUNCTION = YES;
				GCC_WARN_UNUSED_VARIABLE = YES;
				MACOSX_DEPLOYMENT_TARGET = 10.13;
				MTL_ENABLE_DEBUG_INFO = NO;
				SDKROOT = macosx;
			};
			name = Release;
		};
		43740B45210980140070D3DD /* Debug */ = {
			isa = XCBuildConfiguration;
			buildSettings = {
				CODE_SIGN_STYLE = Automatic;
				PRODUCT_NAME = "$(TARGET_NAME)";
			};
			name = Debug;
		};
		43740B46210980140070D3DD /* Release */ = {
			isa = XCBuildConfiguration;
			buildSettings = {
				CODE_SIGN_STYLE = Automatic;
				PRODUCT_NAME = "$(TARGET_NAME)";
			};
			name = Release;
		};
/* End XCBuildConfiguration section */

/* Begin XCConfigurationList section */
		43740B38210980130070D3DD /* Build configuration list for PBXProject "problem25" */ = {
			isa = XCConfigurationList;
			buildConfigurations = (
				43740B42210980140070D3DD /* Debug */,
				43740B43210980140070D3DD /* Release */,
			);
			defaultConfigurationIsVisible = 0;
			defaultConfigurationName = Release;
		};
		43740B44210980140070D3DD /* Build configuration list for PBXNativeTarget "problem25" */ = {
			isa = XCConfigurationList;
			buildConfigurations = (
				43740B45210980140070D3DD /* Debug */,
				43740B46210980140070D3DD /* Release */,
			);
			defaultConfigurationIsVisible = 0;
			defaultConfigurationName = Release;
		};
/* End XCConfigurationList section */
	};
	rootObject = 43740B35210980130070D3DD /* Project object */;
}
