// !$*UTF8*$!
{
	archiveVersion = 1;
	classes = {
	};
	objectVersion = 48;
	objects = {

/* Begin PBXBuildFile section */
		435F9CBF20692B8B0051E738 /* main.m in Sources */ = {isa = PBXBuildFile; fileRef = 435F9CBE20692B8B0051E738 /* main.m */; };
		435F9CC720692BE00051E738 /* StackForNSObject.m in Sources */ = {isa = PBXBuildFile; fileRef = 435F9CC620692BE00051E738 /* StackForNSObject.m */; };
		435F9CCA20692C530051E738 /* MyQueue.m in Sources */ = {isa = PBXBuildFile; fileRef = 435F9CC920692C530051E738 /* MyQueue.m */; };
/* End PBXBuildFile section */

/* Begin PBXCopyFilesBuildPhase section */
		435F9CB920692B8B0051E738 /* CopyFiles */ = {
			isa = PBXCopyFilesBuildPhase;
			buildActionMask = 2147483647;
			dstPath = /usr/share/man/man1/;
			dstSubfolderSpec = 0;
			files = (
			);
			runOnlyForDeploymentPostprocessing = 1;
		};
/* End PBXCopyFilesBuildPhase section */

/* Begin PBXFileReference section */
		435F9CBB20692B8B0051E738 /* problem7 */ = {isa = PBXFileReference; explicitFileType = "compiled.mach-o.executable"; includeInIndex = 0; path = problem7; sourceTree = BUILT_PRODUCTS_DIR; };
		435F9CBE20692B8B0051E738 /* main.m */ = {isa = PBXFileReference; lastKnownFileType = sourcecode.c.objc; path = main.m; sourceTree = "<group>"; };
		435F9CC520692BE00051E738 /* StackForNSObject.h */ = {isa = PBXFileReference; lastKnownFileType = sourcecode.c.h; path = StackForNSObject.h; sourceTree = "<group>"; };
		435F9CC620692BE00051E738 /* StackForNSObject.m */ = {isa = PBXFileReference; lastKnownFileType = sourcecode.c.objc; path = StackForNSObject.m; sourceTree = "<group>"; };
		435F9CC820692C530051E738 /* MyQueue.h */ = {isa = PBXFileReference; lastKnownFileType = sourcecode.c.h; path = MyQueue.h; sourceTree = "<group>"; };
		435F9CC920692C530051E738 /* MyQueue.m */ = {isa = PBXFileReference; lastKnownFileType = sourcecode.c.objc; path = MyQueue.m; sourceTree = "<group>"; };
/* End PBXFileReference section */

/* Begin PBXFrameworksBuildPhase section */
		435F9CB820692B8B0051E738 /* Frameworks */ = {
			isa = PBXFrameworksBuildPhase;
			buildActionMask = 2147483647;
			files = (
			);
			runOnlyForDeploymentPostprocessing = 0;
		};
/* End PBXFrameworksBuildPhase section */

/* Begin PBXGroup section */
		435F9CB220692B8B0051E738 = {
			isa = PBXGroup;
			children = (
				435F9CBD20692B8B0051E738 /* problem7 */,
				435F9CBC20692B8B0051E738 /* Products */,
			);
			sourceTree = "<group>";
		};
		435F9CBC20692B8B0051E738 /* Products */ = {
			isa = PBXGroup;
			children = (
				435F9CBB20692B8B0051E738 /* problem7 */,
			);
			name = Products;
			sourceTree = "<group>";
		};
		435F9CBD20692B8B0051E738 /* problem7 */ = {
			isa = PBXGroup;
			children = (
				435F9CBE20692B8B0051E738 /* main.m */,
				435F9CC820692C530051E738 /* MyQueue.h */,
				435F9CC920692C530051E738 /* MyQueue.m */,
				435F9CC520692BE00051E738 /* StackForNSObject.h */,
				435F9CC620692BE00051E738 /* StackForNSObject.m */,
			);
			path = problem7;
			sourceTree = "<group>";
		};
/* End PBXGroup section */

/* Begin PBXNativeTarget section */
		435F9CBA20692B8B0051E738 /* problem7 */ = {
			isa = PBXNativeTarget;
			buildConfigurationList = 435F9CC220692B8B0051E738 /* Build configuration list for PBXNativeTarget "problem7" */;
			buildPhases = (
				435F9CB720692B8B0051E738 /* Sources */,
				435F9CB820692B8B0051E738 /* Frameworks */,
				435F9CB920692B8B0051E738 /* CopyFiles */,
			);
			buildRules = (
			);
			dependencies = (
			);
			name = problem7;
			productName = problem7;
			productReference = 435F9CBB20692B8B0051E738 /* problem7 */;
			productType = "com.apple.product-type.tool";
		};
/* End PBXNativeTarget section */

/* Begin PBXProject section */
		435F9CB320692B8B0051E738 /* Project object */ = {
			isa = PBXProject;
			attributes = {
				LastUpgradeCheck = 0920;
				ORGANIZATIONNAME = wangnate;
				TargetAttributes = {
					435F9CBA20692B8B0051E738 = {
						CreatedOnToolsVersion = 9.2;
						ProvisioningStyle = Automatic;
					};
				};
			};
			buildConfigurationList = 435F9CB620692B8B0051E738 /* Build configuration list for PBXProject "problem7" */;
			compatibilityVersion = "Xcode 8.0";
			developmentRegion = en;
			hasScannedForEncodings = 0;
			knownRegions = (
				en,
			);
			mainGroup = 435F9CB220692B8B0051E738;
			productRefGroup = 435F9CBC20692B8B0051E738 /* Products */;
			projectDirPath = "";
			projectRoot = "";
			targets = (
				435F9CBA20692B8B0051E738 /* problem7 */,
			);
		};
/* End PBXProject section */

/* Begin PBXSourcesBuildPhase section */
		435F9CB720692B8B0051E738 /* Sources */ = {
			isa = PBXSourcesBuildPhase;
			buildActionMask = 2147483647;
			files = (
				435F9CCA20692C530051E738 /* MyQueue.m in Sources */,
				435F9CC720692BE00051E738 /* StackForNSObject.m in Sources */,
				435F9CBF20692B8B0051E738 /* main.m in Sources */,
			);
			runOnlyForDeploymentPostprocessing = 0;
		};
/* End PBXSourcesBuildPhase section */

/* Begin XCBuildConfiguration section */
		435F9CC020692B8B0051E738 /* Debug */ = {
			isa = XCBuildConfiguration;
			buildSettings = {
				ALWAYS_SEARCH_USER_PATHS = NO;
				CLANG_ANALYZER_NONNULL = YES;
				CLANG_ANALYZER_NUMBER_OBJECT_CONVERSION = YES_AGGRESSIVE;
				CLANG_CXX_LANGUAGE_STANDARD = "gnu++14";
				CLANG_CXX_LIBRARY = "libc++";
				CLANG_ENABLE_MODULES = YES;
				CLANG_ENABLE_OBJC_ARC = YES;
				CLANG_WARN_BLOCK_CAPTURE_AUTORELEASING = YES;
				CLANG_WARN_BOOL_CONVERSION = YES;
				CLANG_WARN_COMMA = YES;
				CLANG_WARN_CONSTANT_CONVERSION = YES;
				CLANG_WARN_DIRECT_OBJC_ISA_USAGE = YES_ERROR;
				CLANG_WARN_DOCUMENTATION_COMMENTS = YES;
				CLANG_WARN_EMPTY_BODY = YES;
				CLANG_WARN_ENUM_CONVERSION = YES;
				CLANG_WARN_INFINITE_RECURSION = YES;
				CLANG_WARN_INT_CONVERSION = YES;
				CLANG_WARN_NON_LITERAL_NULL_CONVERSION = YES;
				CLANG_WARN_OBJC_LITERAL_CONVERSION = YES;
				CLANG_WARN_OBJC_ROOT_CLASS = YES_ERROR;
				CLANG_WARN_RANGE_LOOP_ANALYSIS = YES;
				CLANG_WARN_STRICT_PROTOTYPES = YES;
				CLANG_WARN_SUSPICIOUS_MOVE = YES;
				CLANG_WARN_UNGUARDED_AVAILABILITY = YES_AGGRESSIVE;
				CLANG_WARN_UNREACHABLE_CODE = YES;
				CLANG_WARN__DUPLICATE_METHOD_MATCH = YES;
				CODE_SIGN_IDENTITY = "-";
				COPY_PHASE_STRIP = NO;
				DEBUG_INFORMATION_FORMAT = dwarf;
				ENABLE_STRICT_OBJC_MSGSEND = YES;
				ENABLE_TESTABILITY = YES;
				GCC_C_LANGUAGE_STANDARD = gnu11;
				GCC_DYNAMIC_NO_PIC = NO;
				GCC_NO_COMMON_BLOCKS = YES;
				GCC_OPTIMIZATION_LEVEL = 0;
				GCC_PREPROCESSOR_DEFINITIONS = (
					"DEBUG=1",
					"$(inherited)",
				);
				GCC_WARN_64_TO_32_BIT_CONVERSION = YES;
				GCC_WARN_ABOUT_RETURN_TYPE = YES_ERROR;
				GCC_WARN_UNDECLARED_SELECTOR = YES;
				GCC_WARN_UNINITIALIZED_AUTOS = YES_AGGRESSIVE;
				GCC_WARN_UNUSED_FUNCTION = YES;
				GCC_WARN_UNUSED_VARIABLE = YES;
				MACOSX_DEPLOYMENT_TARGET = 10.13;
				MTL_ENABLE_DEBUG_INFO = YES;
				ONLY_ACTIVE_ARCH = YES;
				SDKROOT = macosx;
			};
			name = Debug;
		};
		435F9CC120692B8B0051E738 /* Release */ = {
			isa = XCBuildConfiguration;
			buildSettings = {
				ALWAYS_SEARCH_USER_PATHS = NO;
				CLANG_ANALYZER_NONNULL = YES;
				CLANG_ANALYZER_NUMBER_OBJECT_CONVERSION = YES_AGGRESSIVE;
				CLANG_CXX_LANGUAGE_STANDARD = "gnu++14";
				CLANG_CXX_LIBRARY = "libc++";
				CLANG_ENABLE_MODULES = YES;
				CLANG_ENABLE_OBJC_ARC = YES;
				CLANG_WARN_BLOCK_CAPTURE_AUTORELEASING = YES;
				CLANG_WARN_BOOL_CONVERSION = YES;
				CLANG_WARN_COMMA = YES;
				CLANG_WARN_CONSTANT_CONVERSION = YES;
				CLANG_WARN_DIRECT_OBJC_ISA_USAGE = YES_ERROR;
				CLANG_WARN_DOCUMENTATION_COMMENTS = YES;
				CLANG_WARN_EMPTY_BODY = YES;
				CLANG_WARN_ENUM_CONVERSION = YES;
				CLANG_WARN_INFINITE_RECURSION = YES;
				CLANG_WARN_INT_CONVERSION = YES;
				CLANG_WARN_NON_LITERAL_NULL_CONVERSION = YES;
				CLANG_WARN_OBJC_LITERAL_CONVERSION = YES;
				CLANG_WARN_OBJC_ROOT_CLASS = YES_ERROR;
				CLANG_WARN_RANGE_LOOP_ANALYSIS = YES;
				CLANG_WARN_STRICT_PROTOTYPES = YES;
				CLANG_WARN_SUSPICIOUS_MOVE = YES;
				CLANG_WARN_UNGUARDED_AVAILABILITY = YES_AGGRESSIVE;
				CLANG_WARN_UNREACHABLE_CODE = YES;
				CLANG_WARN__DUPLICATE_METHOD_MATCH = YES;
				CODE_SIGN_IDENTITY = "-";
				COPY_PHASE_STRIP = NO;
				DEBUG_INFORMATION_FORMAT = "dwarf-with-dsym";
				ENABLE_NS_ASSERTIONS = NO;
				ENABLE_STRICT_OBJC_MSGSEND = YES;
				GCC_C_LANGUAGE_STANDARD = gnu11;
				GCC_NO_COMMON_BLOCKS = YES;
				GCC_WARN_64_TO_32_BIT_CONVERSION = YES;
				GCC_WARN_ABOUT_RETURN_TYPE = YES_ERROR;
				GCC_WARN_UNDECLARED_SELECTOR = YES;
				GCC_WARN_UNINITIALIZED_AUTOS = YES_AGGRESSIVE;
				GCC_WARN_UNUSED_FUNCTION = YES;
				GCC_WARN_UNUSED_VARIABLE = YES;
				MACOSX_DEPLOYMENT_TARGET = 10.13;
				MTL_ENABLE_DEBUG_INFO = NO;
				SDKROOT = macosx;
			};
			name = Release;
		};
		435F9CC320692B8B0051E738 /* Debug */ = {
			isa = XCBuildConfiguration;
			buildSettings = {
				CODE_SIGN_STYLE = Automatic;
				PRODUCT_NAME = "$(TARGET_NAME)";
			};
			name = Debug;
		};
		435F9CC420692B8B0051E738 /* Release */ = {
			isa = XCBuildConfiguration;
			buildSettings = {
				CODE_SIGN_STYLE = Automatic;
				PRODUCT_NAME = "$(TARGET_NAME)";
			};
			name = Release;
		};
/* End XCBuildConfiguration section */

/* Begin XCConfigurationList section */
		435F9CB620692B8B0051E738 /* Build configuration list for PBXProject "problem7" */ = {
			isa = XCConfigurationList;
			buildConfigurations = (
				435F9CC020692B8B0051E738 /* Debug */,
				435F9CC120692B8B0051E738 /* Release */,
			);
			defaultConfigurationIsVisible = 0;
			defaultConfigurationName = Release;
		};
		435F9CC220692B8B0051E738 /* Build configuration list for PBXNativeTarget "problem7" */ = {
			isa = XCConfigurationList;
			buildConfigurations = (
				435F9CC320692B8B0051E738 /* Debug */,
				435F9CC420692B8B0051E738 /* Release */,
			);
			defaultConfigurationIsVisible = 0;
			defaultConfigurationName = Release;
		};
/* End XCConfigurationList section */
	};
	rootObject = 435F9CB320692B8B0051E738 /* Project object */;
}
